
Microsoft Visual Studio Solution File, Format Version 12.00
# Visual Studio Version 16
VisualStudioVersion = 16.0.32413.511
MinimumVisualStudioVersion = 10.0.40219.1
Project("{888888A0-9F3D-457C-B088-3A5042F75D52}") = "Rotate", "Rotate.pyproj", "{B91FE6CD-6E47-4B9D-99D1-535EACFB3818}"
EndProject
Global
	GlobalSection(SolutionConfigurationPlatforms) = preSolution
		Debug|Any CPU = Debug|Any CPU
		Release|Any CPU = Release|Any CPU
	EndGlobalSection
	GlobalSection(ProjectConfigurationPlatforms) = postSolution
		{B91FE6CD-6E47-4B9D-99D1-535EACFB3818}.Debug|Any CPU.ActiveCfg = Debug|Any CPU
		{B91FE6CD-6E47-4B9D-99D1-535EACFB3818}.Release|Any CPU.ActiveCfg = Release|Any CPU
	EndGlobalSection
	GlobalSection(SolutionProperties) = preSolution
		HideSolutionNode = FALSE
	EndGlobalSection
	GlobalSection(ExtensibilityGlobals) = postSolution
		SolutionGuid = {2E7B3B0F-019D-48F0-8CCF-2AC07E9A9C4E}
	EndGlobalSection
EndGlobal
